
Microsoft Visual Studio Solution File, Format Version 12.00
# Visual Studio Version 17
VisualStudioVersion = 17.3.32819.101
MinimumVisualStudioVersion = 10.0.40219.1
Project("{FAE04EC0-301F-11D3-BF4B-00C04F79EFBC}") = "RectangleIntoSquares", "RectangleIntoSquares\RectangleIntoSquares.csproj", "{9367C888-3E4D-4DDF-9218-B0BC77502FBE}"
EndProject
Global
	GlobalSection(SolutionConfigurationPlatforms) = preSolution
		Debug|Any CPU = Debug|Any CPU
		Release|Any CPU = Release|Any CPU
	EndGlobalSection
	GlobalSection(ProjectConfigurationPlatforms) = postSolution
		{9367C888-3E4D-4DDF-9218-B0BC77502FBE}.Debug|Any CPU.ActiveCfg = Debug|Any CPU
		{9367C888-3E4D-4DDF-9218-B0BC77502FBE}.Debug|Any CPU.Build.0 = Debug|Any CPU
		{9367C888-3E4D-4DDF-9218-B0BC77502FBE}.Release|Any CPU.ActiveCfg = Release|Any CPU
		{9367C888-3E4D-4DDF-9218-B0BC77502FBE}.Release|Any CPU.Build.0 = Release|Any CPU
	EndGlobalSection
	GlobalSection(SolutionProperties) = preSolution
		HideSolutionNode = FALSE
	EndGlobalSection
	GlobalSection(ExtensibilityGlobals) = postSolution
		SolutionGuid = {32012A35-BEF4-475C-81F6-9385A12DC63E}
	EndGlobalSection
EndGlobal
